<Solution>
  <Project Path="Kafka/Kafka.csproj" />
  <Project Path="Kafka.Operations.Inbox/Kafka.Operations.Inbox.csproj" />
  <Project Path="Kafka.Operations.Outbox/Kafka.Operations.Outbox.csproj" />
  <Project Path="Kafka.Pipelines/Kafka.Pipelines.csproj" />
  <Project Path="Kafka.Resiliency/Kafka.Resiliency.csproj" />
  <Project Path="Kafka.Clients/Kafka.Clients.csproj" />
  <Project Path="Kafka.Instrumentation/Kafka.Instrumentation.csproj" />
  <Project Path="Kafka.Messages/Kafka.Messages.csproj" />
  <Project Path="Kafka.Utils/Kafka.Utils.csproj" />
</Solution>
