<Solution>
  <Project Path="Kafka/Kafka.csproj" />
  <Project Path="Kafka.Operations.Inbox/Inbox.csproj" />
  <Project Path="Kafka.Operations.Outbox/Outbox.csproj" />
  <Project Path="Kafka.Resiliency/Resiliency.csproj" />
  <Project Path="Kafka.StateMachines/StateMachines.csproj" />
  <Project Path="Kafka.Clients/Clients.csproj" />
  <Project Path="Kafka.Instrumentation/Instrumentation.csproj" />
  <Project Path="Kafka.Messages/Messages.csproj" />
  <Project Path="Kafka.Utils/Utils.csproj" />
</Solution>
